cookbook 'logging', :git => 'git://github.com/rgeyer/rightscale_cookbooks-1.git', :ref => 'release_20121219'
cookbook 'logging_rsyslog', :git => 'git://github.com/rgeyer/rightscale_cookbooks-1.git', :ref => 'release_20121219'
cookbook 'logging_syslog_ng', :git => 'git://github.com/rgeyer/rightscale_cookbooks-1.git', :ref => 'release_20121219'
cookbook 'db', :git => 'git://github.com/rgeyer/rightscale_cookbooks-1.git', :ref => 'release_20121219'
cookbook 'db_mysql', :git => 'git://github.com/rgeyer/rightscale_cookbooks-1.git', :ref => 'release_20121219'
cookbook 'db_postgres', :git => 'git://github.com/rgeyer/rightscale_cookbooks-1.git', :ref => 'release_20121219'
cookbook 'block_device', :git => 'git://github.com/rgeyer/rightscale_cookbooks-1.git', :ref => 'release_20121219'
cookbook 'rightscale', :git => 'git://github.com/rgeyer/rightscale_cookbooks-1.git', :ref => 'release_20121219'
cookbook 'sys', :git => 'git://github.com/rgeyer/rightscale_cookbooks-1.git', :ref => 'release_20121219'
cookbook 'sys_dns', :git => 'git://github.com/rgeyer/rightscale_cookbooks-1.git', :ref => 'release_20121219'
cookbook 'sys_ntp', :git => 'git://github.com/rgeyer/rightscale_cookbooks-1.git', :ref => 'release_20121219'
cookbook 'sys_firewall', :git => 'git://github.com/rgeyer/rightscale_cookbooks-1.git', :ref => 'release_20121219'
cookbook 'web_apache', :git => 'git://github.com/rgeyer/rightscale_cookbooks-1.git', :ref => 'release_20121219'
cookbook 'app_wordpress', :path => '/Users/ryangeyer/Code/Chef/me/rgeyer-rs-cookbooks/app_wordpress'
cookbook 'php5', :git => 'git://github.com/rgeyer-rs-cookbooks/php5.git', :ref => 'cfaf393517f00897b70e84bc6ecab6a22ae19fd1'
cookbook 'nginx', :git => 'git://github.com/rgeyer-rs-cookbooks/nginx.git', :ref => 'c90b79e733acc2b416482c918da0a47299fae6fc'
cookbook 'utils', :git => 'git://github.com/rgeyer/cookbooks.git', :ref => '10e94fff8a08eedef40a21c263483a55066e2ae7'
cookbook 'rightscale_sandbox', :git => 'https://github.com/rgeyer-rs-cookbooks/rightscale_sandbox.git', :ref => 'e16b17d5d2636bb878221b8418dff257762c0e88'
cookbook 'lnmp_aio', :git => 'git://github.com/rgeyer-rs-cookbooks/cookbooks_st.git', :ref => 'release_20120709'
cookbook 'phpmyadmin', :git => 'git://github.com/rgeyer-rs-cookbooks/phpmyadmin.git', :ref => '567f567f5bc132bdfc965e68e587f1b4bb85fe64'
cookbook 'mail_postfix', :git => 'git://github.com/rgeyer-rs-cookbooks/mail_postfix.git', :ref => 'a6675727b43ffaf360e7a7f2c095214e78392cee'
cookbook 'rs_vagrant_shim', :git => 'https://github.com/rgeyer-rs-cookbooks/rs_vagrant_shim.git', :ref => 'aa8357af7f9165ce37eee4d18cae1b3f7a3ce548'
cookbook 'iptables', :locked_version => '0.11.0'
cookbook 'apache2', :locked_version => '1.4.2'
cookbook 'mysql', :locked_version => '2.1.0'
cookbook 'openssl', :locked_version => '1.0.0'
cookbook 'build-essential', :locked_version => '1.3.2'
cookbook 'runit', :locked_version => '0.16.2'
cookbook 'perl', :locked_version => '1.1.0'
cookbook 'yum', :locked_version => '2.0.6'
cookbook 'cron', :locked_version => '1.2.2'